{
  "version": 4,
  "terraform_version": "1.5.7",
  "serial": 43,
  "lineage": "19c3cbb5-c5dd-c643-8a92-dde0f7649a2c",
  "outputs": {},
  "resources": [
    {
      "module": "module.ecr",
      "mode": "data",
      "type": "aws_caller_identity",
      "name": "current",
      "provider": "module.ecr.provider[\"registry.terraform.io/hashicorp/aws\"]",
      "instances": [
        {
          "schema_version": 0,
          "attributes": {
            "account_id": "486786740148",
            "arn": "arn:aws:iam::486786740148:user/sd4776_admin",
            "id": "486786740148",
            "user_id": "AIDAXCVWAF62L7ZX75FBK"
          },
          "sensitive_attributes": []
        }
      ]
    },
    {
      "module": "module.ecr.module.ecr[\"sd4776-dev-app1\"]",
      "mode": "data",
      "type": "aws_caller_identity",
      "name": "current",
      "provider": "module.ecr.provider[\"registry.terraform.io/hashicorp/aws\"]",
      "instances": [
        {
          "schema_version": 0,
          "attributes": {
            "account_id": "486786740148",
            "arn": "arn:aws:iam::486786740148:user/sd4776_admin",
            "id": "486786740148",
            "user_id": "AIDAXCVWAF62L7ZX75FBK"
          },
          "sensitive_attributes": []
        }
      ]
    },
    {
      "module": "module.ecr.module.ecr[\"sd4776-dev-app1\"]",
      "mode": "data",
      "type": "aws_iam_policy_document",
      "name": "repository",
      "provider": "module.ecr.provider[\"registry.terraform.io/hashicorp/aws\"]",
      "instances": []
    },
    {
      "module": "module.ecr.module.ecr[\"sd4776-dev-app1\"]",
      "mode": "data",
      "type": "aws_partition",
      "name": "current",
      "provider": "module.ecr.provider[\"registry.terraform.io/hashicorp/aws\"]",
      "instances": [
        {
          "schema_version": 0,
          "attributes": {
            "dns_suffix": "amazonaws.com",
            "id": "aws",
            "partition": "aws",
            "reverse_dns_prefix": "com.amazonaws"
          },
          "sensitive_attributes": []
        }
      ]
    },
    {
      "module": "module.ecr.module.ecr[\"sd4776-dev-app1\"]",
      "mode": "managed",
      "type": "aws_ecr_lifecycle_policy",
      "name": "this",
      "provider": "module.ecr.provider[\"registry.terraform.io/hashicorp/aws\"]",
      "instances": [
        {
          "index_key": 0,
          "schema_version": 0,
          "attributes": {
            "id": "sd4776-dev-app1",
            "policy": "{\"rules\":[{\"action\":{\"type\":\"expire\"},\"description\":\"Expire images older than 14 days\",\"rulePriority\":1,\"selection\":{\"countNumber\":14,\"countType\":\"sinceImagePushed\",\"countUnit\":\"days\",\"tagStatus\":\"untagged\"}}]}",
            "registry_id": "486786740148",
            "repository": "sd4776-dev-app1"
          },
          "sensitive_attributes": [],
          "private": "bnVsbA==",
          "dependencies": [
            "module.ecr.module.ecr.aws_ecr_repository.this"
          ]
        }
      ]
    },
    {
      "module": "module.ecr.module.ecr[\"sd4776-dev-app1\"]",
      "mode": "managed",
      "type": "aws_ecr_repository",
      "name": "this",
      "provider": "module.ecr.provider[\"registry.terraform.io/hashicorp/aws\"]",
      "instances": [
        {
          "index_key": 0,
          "schema_version": 0,
          "attributes": {
            "arn": "arn:aws:ecr:ap-southeast-1:486786740148:repository/sd4776-dev-app1",
            "encryption_configuration": [
              {
                "encryption_type": "AES256",
                "kms_key": ""
              }
            ],
            "force_delete": null,
            "id": "sd4776-dev-app1",
            "image_scanning_configuration": [
              {
                "scan_on_push": true
              }
            ],
            "image_tag_mutability": "IMMUTABLE",
            "name": "sd4776-dev-app1",
            "registry_id": "486786740148",
            "repository_url": "486786740148.dkr.ecr.ap-southeast-1.amazonaws.com/sd4776-dev-app1",
            "tags": {
              "Environment": "dev",
              "Terraform": "true"
            },
            "tags_all": {
              "Environment": "dev",
              "Terraform": "true"
            },
            "timeouts": null
          },
          "sensitive_attributes": [],
          "private": "eyJlMmJmYjczMC1lY2FhLTExZTYtOGY4OC0zNDM2M2JjN2M0YzAiOnsiZGVsZXRlIjoxMjAwMDAwMDAwMDAwfX0="
        }
      ]
    },
    {
      "module": "module.ecr.module.ecr[\"sd4776-dev-app2\"]",
      "mode": "data",
      "type": "aws_caller_identity",
      "name": "current",
      "provider": "module.ecr.provider[\"registry.terraform.io/hashicorp/aws\"]",
      "instances": [
        {
          "schema_version": 0,
          "attributes": {
            "account_id": "486786740148",
            "arn": "arn:aws:iam::486786740148:user/sd4776_admin",
            "id": "486786740148",
            "user_id": "AIDAXCVWAF62L7ZX75FBK"
          },
          "sensitive_attributes": []
        }
      ]
    },
    {
      "module": "module.ecr.module.ecr[\"sd4776-dev-app2\"]",
      "mode": "data",
      "type": "aws_iam_policy_document",
      "name": "repository",
      "provider": "module.ecr.provider[\"registry.terraform.io/hashicorp/aws\"]",
      "instances": []
    },
    {
      "module": "module.ecr.module.ecr[\"sd4776-dev-app2\"]",
      "mode": "data",
      "type": "aws_partition",
      "name": "current",
      "provider": "module.ecr.provider[\"registry.terraform.io/hashicorp/aws\"]",
      "instances": [
        {
          "schema_version": 0,
          "attributes": {
            "dns_suffix": "amazonaws.com",
            "id": "aws",
            "partition": "aws",
            "reverse_dns_prefix": "com.amazonaws"
          },
          "sensitive_attributes": []
        }
      ]
    },
    {
      "module": "module.ecr.module.ecr[\"sd4776-dev-app2\"]",
      "mode": "managed",
      "type": "aws_ecr_lifecycle_policy",
      "name": "this",
      "provider": "module.ecr.provider[\"registry.terraform.io/hashicorp/aws\"]",
      "instances": [
        {
          "index_key": 0,
          "schema_version": 0,
          "attributes": {
            "id": "sd4776-dev-app2",
            "policy": "{\"rules\":[{\"action\":{\"type\":\"expire\"},\"description\":\"Expire images older than 14 days\",\"rulePriority\":1,\"selection\":{\"countNumber\":14,\"countType\":\"sinceImagePushed\",\"countUnit\":\"days\",\"tagStatus\":\"untagged\"}}]}",
            "registry_id": "486786740148",
            "repository": "sd4776-dev-app2"
          },
          "sensitive_attributes": [],
          "private": "bnVsbA==",
          "dependencies": [
            "module.ecr.module.ecr.aws_ecr_repository.this"
          ]
        }
      ]
    },
    {
      "module": "module.ecr.module.ecr[\"sd4776-dev-app2\"]",
      "mode": "managed",
      "type": "aws_ecr_repository",
      "name": "this",
      "provider": "module.ecr.provider[\"registry.terraform.io/hashicorp/aws\"]",
      "instances": [
        {
          "index_key": 0,
          "schema_version": 0,
          "attributes": {
            "arn": "arn:aws:ecr:ap-southeast-1:486786740148:repository/sd4776-dev-app2",
            "encryption_configuration": [
              {
                "encryption_type": "AES256",
                "kms_key": ""
              }
            ],
            "force_delete": null,
            "id": "sd4776-dev-app2",
            "image_scanning_configuration": [
              {
                "scan_on_push": true
              }
            ],
            "image_tag_mutability": "IMMUTABLE",
            "name": "sd4776-dev-app2",
            "registry_id": "486786740148",
            "repository_url": "486786740148.dkr.ecr.ap-southeast-1.amazonaws.com/sd4776-dev-app2",
            "tags": {
              "Environment": "dev",
              "Terraform": "true"
            },
            "tags_all": {
              "Environment": "dev",
              "Terraform": "true"
            },
            "timeouts": null
          },
          "sensitive_attributes": [],
          "private": "eyJlMmJmYjczMC1lY2FhLTExZTYtOGY4OC0zNDM2M2JjN2M0YzAiOnsiZGVsZXRlIjoxMjAwMDAwMDAwMDAwfX0="
        }
      ]
    },
    {
      "module": "module.ecr.module.ecr[\"sd4776-dev-backend\"]",
      "mode": "data",
      "type": "aws_caller_identity",
      "name": "current",
      "provider": "module.ecr.provider[\"registry.terraform.io/hashicorp/aws\"]",
      "instances": [
        {
          "schema_version": 0,
          "attributes": {
            "account_id": "486786740148",
            "arn": "arn:aws:iam::486786740148:user/sd4776_admin",
            "id": "486786740148",
            "user_id": "AIDAXCVWAF62L7ZX75FBK"
          },
          "sensitive_attributes": []
        }
      ]
    },
    {
      "module": "module.ecr.module.ecr[\"sd4776-dev-backend\"]",
      "mode": "data",
      "type": "aws_iam_policy_document",
      "name": "repository",
      "provider": "module.ecr.provider[\"registry.terraform.io/hashicorp/aws\"]",
      "instances": []
    },
    {
      "module": "module.ecr.module.ecr[\"sd4776-dev-backend\"]",
      "mode": "data",
      "type": "aws_partition",
      "name": "current",
      "provider": "module.ecr.provider[\"registry.terraform.io/hashicorp/aws\"]",
      "instances": [
        {
          "schema_version": 0,
          "attributes": {
            "dns_suffix": "amazonaws.com",
            "id": "aws",
            "partition": "aws",
            "reverse_dns_prefix": "com.amazonaws"
          },
          "sensitive_attributes": []
        }
      ]
    },
    {
      "module": "module.ecr.module.ecr[\"sd4776-dev-backend\"]",
      "mode": "managed",
      "type": "aws_ecr_lifecycle_policy",
      "name": "this",
      "provider": "module.ecr.provider[\"registry.terraform.io/hashicorp/aws\"]",
      "instances": [
        {
          "index_key": 0,
          "schema_version": 0,
          "attributes": {
            "id": "sd4776-dev-backend",
            "policy": "{\"rules\":[{\"action\":{\"type\":\"expire\"},\"description\":\"Expire images older than 14 days\",\"rulePriority\":1,\"selection\":{\"countNumber\":14,\"countType\":\"sinceImagePushed\",\"countUnit\":\"days\",\"tagStatus\":\"untagged\"}}]}",
            "registry_id": "486786740148",
            "repository": "sd4776-dev-backend"
          },
          "sensitive_attributes": [],
          "private": "bnVsbA==",
          "dependencies": [
            "module.ecr.module.ecr.aws_ecr_repository.this"
          ]
        }
      ]
    },
    {
      "module": "module.ecr.module.ecr[\"sd4776-dev-backend\"]",
      "mode": "managed",
      "type": "aws_ecr_repository",
      "name": "this",
      "provider": "module.ecr.provider[\"registry.terraform.io/hashicorp/aws\"]",
      "instances": [
        {
          "index_key": 0,
          "schema_version": 0,
          "attributes": {
            "arn": "arn:aws:ecr:ap-southeast-1:486786740148:repository/sd4776-dev-backend",
            "encryption_configuration": [
              {
                "encryption_type": "AES256",
                "kms_key": ""
              }
            ],
            "force_delete": null,
            "id": "sd4776-dev-backend",
            "image_scanning_configuration": [
              {
                "scan_on_push": true
              }
            ],
            "image_tag_mutability": "IMMUTABLE",
            "name": "sd4776-dev-backend",
            "registry_id": "486786740148",
            "repository_url": "486786740148.dkr.ecr.ap-southeast-1.amazonaws.com/sd4776-dev-backend",
            "tags": {
              "Environment": "dev",
              "Terraform": "true"
            },
            "tags_all": {
              "Environment": "dev",
              "Terraform": "true"
            },
            "timeouts": null
          },
          "sensitive_attributes": [],
          "private": "eyJlMmJmYjczMC1lY2FhLTExZTYtOGY4OC0zNDM2M2JjN2M0YzAiOnsiZGVsZXRlIjoxMjAwMDAwMDAwMDAwfX0="
        }
      ]
    },
    {
      "module": "module.ecr.module.ecr[\"sd4776-dev-frontend\"]",
      "mode": "data",
      "type": "aws_caller_identity",
      "name": "current",
      "provider": "module.ecr.provider[\"registry.terraform.io/hashicorp/aws\"]",
      "instances": [
        {
          "schema_version": 0,
          "attributes": {
            "account_id": "486786740148",
            "arn": "arn:aws:iam::486786740148:user/sd4776_admin",
            "id": "486786740148",
            "user_id": "AIDAXCVWAF62L7ZX75FBK"
          },
          "sensitive_attributes": []
        }
      ]
    },
    {
      "module": "module.ecr.module.ecr[\"sd4776-dev-frontend\"]",
      "mode": "data",
      "type": "aws_iam_policy_document",
      "name": "repository",
      "provider": "module.ecr.provider[\"registry.terraform.io/hashicorp/aws\"]",
      "instances": []
    },
    {
      "module": "module.ecr.module.ecr[\"sd4776-dev-frontend\"]",
      "mode": "data",
      "type": "aws_partition",
      "name": "current",
      "provider": "module.ecr.provider[\"registry.terraform.io/hashicorp/aws\"]",
      "instances": [
        {
          "schema_version": 0,
          "attributes": {
            "dns_suffix": "amazonaws.com",
            "id": "aws",
            "partition": "aws",
            "reverse_dns_prefix": "com.amazonaws"
          },
          "sensitive_attributes": []
        }
      ]
    },
    {
      "module": "module.ecr.module.ecr[\"sd4776-dev-frontend\"]",
      "mode": "managed",
      "type": "aws_ecr_lifecycle_policy",
      "name": "this",
      "provider": "module.ecr.provider[\"registry.terraform.io/hashicorp/aws\"]",
      "instances": [
        {
          "index_key": 0,
          "schema_version": 0,
          "attributes": {
            "id": "sd4776-dev-frontend",
            "policy": "{\"rules\":[{\"action\":{\"type\":\"expire\"},\"description\":\"Expire images older than 14 days\",\"rulePriority\":1,\"selection\":{\"countNumber\":14,\"countType\":\"sinceImagePushed\",\"countUnit\":\"days\",\"tagStatus\":\"untagged\"}}]}",
            "registry_id": "486786740148",
            "repository": "sd4776-dev-frontend"
          },
          "sensitive_attributes": [],
          "private": "bnVsbA==",
          "dependencies": [
            "module.ecr.module.ecr.aws_ecr_repository.this"
          ]
        }
      ]
    },
    {
      "module": "module.ecr.module.ecr[\"sd4776-dev-frontend\"]",
      "mode": "managed",
      "type": "aws_ecr_repository",
      "name": "this",
      "provider": "module.ecr.provider[\"registry.terraform.io/hashicorp/aws\"]",
      "instances": [
        {
          "index_key": 0,
          "schema_version": 0,
          "attributes": {
            "arn": "arn:aws:ecr:ap-southeast-1:486786740148:repository/sd4776-dev-frontend",
            "encryption_configuration": [
              {
                "encryption_type": "AES256",
                "kms_key": ""
              }
            ],
            "force_delete": null,
            "id": "sd4776-dev-frontend",
            "image_scanning_configuration": [
              {
                "scan_on_push": true
              }
            ],
            "image_tag_mutability": "IMMUTABLE",
            "name": "sd4776-dev-frontend",
            "registry_id": "486786740148",
            "repository_url": "486786740148.dkr.ecr.ap-southeast-1.amazonaws.com/sd4776-dev-frontend",
            "tags": {
              "Environment": "dev",
              "Terraform": "true"
            },
            "tags_all": {
              "Environment": "dev",
              "Terraform": "true"
            },
            "timeouts": null
          },
          "sensitive_attributes": [],
          "private": "eyJlMmJmYjczMC1lY2FhLTExZTYtOGY4OC0zNDM2M2JjN2M0YzAiOnsiZGVsZXRlIjoxMjAwMDAwMDAwMDAwfX0="
        }
      ]
    },
    {
      "module": "module.jenkins",
      "mode": "data",
      "type": "aws_ami",
      "name": "ubuntu",
      "provider": "module.jenkins.provider[\"registry.terraform.io/hashicorp/aws\"]",
      "instances": [
        {
          "schema_version": 0,
          "attributes": {
            "architecture": "x86_64",
            "arn": "arn:aws:ec2:ap-southeast-1::image/ami-0f450c0ffd814b623",
            "block_device_mappings": [
              {
                "device_name": "/dev/sda1",
                "ebs": {
                  "delete_on_termination": "true",
                  "encrypted": "false",
                  "iops": "0",
                  "snapshot_id": "snap-09e861267c2e0d549",
                  "throughput": "0",
                  "volume_size": "8",
                  "volume_type": "gp2"
                },
                "no_device": "",
                "virtual_name": ""
              },
              {
                "device_name": "/dev/sdb",
                "ebs": {},
                "no_device": "",
                "virtual_name": "ephemeral0"
              },
              {
                "device_name": "/dev/sdc",
                "ebs": {},
                "no_device": "",
                "virtual_name": "ephemeral1"
              }
            ],
            "boot_mode": "legacy-bios",
            "creation_date": "2024-11-12T11:34:20.000Z",
            "deprecation_time": "2026-11-12T11:34:20.000Z",
            "description": "Canonical, Ubuntu, 20.04 LTS, amd64 focal image build on 2024-11-12",
            "ena_support": true,
            "executable_users": null,
            "filter": [
              {
                "name": "name",
                "values": [
                  "ubuntu/images/hvm-ssd/ubuntu-focal-20.04-amd64-*"
                ]
              },
              {
                "name": "virtualization-type",
                "values": [
                  "hvm"
                ]
              }
            ],
            "hypervisor": "xen",
            "id": "ami-0f450c0ffd814b623",
            "image_id": "ami-0f450c0ffd814b623",
            "image_location": "amazon/ubuntu/images/hvm-ssd/ubuntu-focal-20.04-amd64-server-20241112",
            "image_owner_alias": "amazon",
            "image_type": "machine",
            "imds_support": "",
            "include_deprecated": false,
            "kernel_id": "",
            "most_recent": true,
            "name": "ubuntu/images/hvm-ssd/ubuntu-focal-20.04-amd64-server-20241112",
            "name_regex": null,
            "owner_id": "099720109477",
            "owners": [
              "amazon"
            ],
            "platform": "",
            "platform_details": "Linux/UNIX",
            "product_codes": [],
            "public": true,
            "ramdisk_id": "",
            "root_device_name": "/dev/sda1",
            "root_device_type": "ebs",
            "root_snapshot_id": "snap-09e861267c2e0d549",
            "sriov_net_support": "simple",
            "state": "available",
            "state_reason": {
              "code": "UNSET",
              "message": "UNSET"
            },
            "tags": {},
            "timeouts": null,
            "tpm_support": "",
            "usage_operation": "RunInstances",
            "virtualization_type": "hvm"
          },
          "sensitive_attributes": []
        }
      ]
    },
    {
      "module": "module.jenkins",
      "mode": "managed",
      "type": "aws_security_group",
      "name": "sg_jenkins",
      "provider": "module.jenkins.provider[\"registry.terraform.io/hashicorp/aws\"]",
      "instances": [
        {
          "schema_version": 1,
          "attributes": {
            "arn": "arn:aws:ec2:ap-southeast-1:486786740148:security-group/sg-05731dd9c6267766e",
            "description": "Allow Jenkins traffic",
            "egress": [
              {
                "cidr_blocks": [
                  "0.0.0.0/0"
                ],
                "description": "",
                "from_port": 0,
                "ipv6_cidr_blocks": [
                  "::/0"
                ],
                "prefix_list_ids": [],
                "protocol": "-1",
                "security_groups": [],
                "self": false,
                "to_port": 0
              }
            ],
            "id": "sg-05731dd9c6267766e",
            "ingress": [
              {
                "cidr_blocks": [
                  "0.0.0.0/0"
                ],
                "description": "allow 8080 jenkins",
                "from_port": 8080,
                "ipv6_cidr_blocks": [
                  "::/0"
                ],
                "prefix_list_ids": [],
                "protocol": "tcp",
                "security_groups": [],
                "self": false,
                "to_port": 8080
              },
              {
                "cidr_blocks": [
                  "0.0.0.0/0"
                ],
                "description": "allow ssh jenkins",
                "from_port": 22,
                "ipv6_cidr_blocks": [
                  "::/0"
                ],
                "prefix_list_ids": [],
                "protocol": "tcp",
                "security_groups": [],
                "self": false,
                "to_port": 22
              },
              {
                "cidr_blocks": [
                  "192.168.0.0/16"
                ],
                "description": "TLS from VPC",
                "from_port": 443,
                "ipv6_cidr_blocks": [],
                "prefix_list_ids": [],
                "protocol": "tcp",
                "security_groups": [],
                "self": false,
                "to_port": 443
              }
            ],
            "name": "sg_jenkins20241225073058971900000005",
            "name_prefix": "sg_jenkins",
            "owner_id": "486786740148",
            "revoke_rules_on_delete": false,
            "tags": {
              "Environment": "vuongnv",
              "Terraform": "true"
            },
            "tags_all": {
              "Environment": "vuongnv",
              "Terraform": "true"
            },
            "timeouts": null,
            "vpc_id": "vpc-02c1c1ffa7b943370"
          },
          "sensitive_attributes": [],
          "private": "eyJlMmJmYjczMC1lY2FhLTExZTYtOGY4OC0zNDM2M2JjN2M0YzAiOnsiY3JlYXRlIjo2MDAwMDAwMDAwMDAsImRlbGV0ZSI6OTAwMDAwMDAwMDAwfSwic2NoZW1hX3ZlcnNpb24iOiIxIn0=",
          "dependencies": [
            "module.vpc.module.vpc.aws_vpc.this"
          ]
        }
      ]
    },
    {
      "module": "module.jenkins.module.ec2_jenkins",
      "mode": "data",
      "type": "aws_iam_policy_document",
      "name": "assume_role_policy",
      "provider": "module.jenkins.provider[\"registry.terraform.io/hashicorp/aws\"]",
      "instances": [
        {
          "index_key": 0,
          "schema_version": 0,
          "attributes": {
            "id": "1256122602",
            "json": "{\n  \"Version\": \"2012-10-17\",\n  \"Statement\": [\n    {\n      \"Sid\": \"EC2AssumeRole\",\n      \"Effect\": \"Allow\",\n      \"Action\": \"sts:AssumeRole\",\n      \"Principal\": {\n        \"Service\": \"ec2.amazonaws.com\"\n      }\n    }\n  ]\n}",
            "minified_json": "{\"Version\":\"2012-10-17\",\"Statement\":[{\"Sid\":\"EC2AssumeRole\",\"Effect\":\"Allow\",\"Action\":\"sts:AssumeRole\",\"Principal\":{\"Service\":\"ec2.amazonaws.com\"}}]}",
            "override_json": null,
            "override_policy_documents": null,
            "policy_id": null,
            "source_json": null,
            "source_policy_documents": null,
            "statement": [
              {
                "actions": [
                  "sts:AssumeRole"
                ],
                "condition": [],
                "effect": "Allow",
                "not_actions": [],
                "not_principals": [],
                "not_resources": [],
                "principals": [
                  {
                    "identifiers": [
                      "ec2.amazonaws.com"
                    ],
                    "type": "Service"
                  }
                ],
                "resources": [],
                "sid": "EC2AssumeRole"
              }
            ],
            "version": "2012-10-17"
          },
          "sensitive_attributes": []
        }
      ]
    },
    {
      "module": "module.jenkins.module.ec2_jenkins",
      "mode": "data",
      "type": "aws_partition",
      "name": "current",
      "provider": "module.jenkins.provider[\"registry.terraform.io/hashicorp/aws\"]",
      "instances": [
        {
          "schema_version": 0,
          "attributes": {
            "dns_suffix": "amazonaws.com",
            "id": "aws",
            "partition": "aws",
            "reverse_dns_prefix": "com.amazonaws"
          },
          "sensitive_attributes": []
        }
      ]
    },
    {
      "module": "module.jenkins.module.ec2_jenkins",
      "mode": "data",
      "type": "aws_ssm_parameter",
      "name": "this",
      "provider": "module.jenkins.provider[\"registry.terraform.io/hashicorp/aws\"]",
      "instances": []
    },
    {
      "module": "module.jenkins.module.ec2_jenkins",
      "mode": "managed",
      "type": "aws_iam_instance_profile",
      "name": "this",
      "provider": "module.jenkins.provider[\"registry.terraform.io/hashicorp/aws\"]",
      "instances": [
        {
          "index_key": 0,
          "schema_version": 0,
          "attributes": {
            "arn": "arn:aws:iam::486786740148:instance-profile/jenkins-instance-20241225073048916900000002",
            "create_date": "2024-12-25T07:30:49Z",
            "id": "jenkins-instance-20241225073048916900000002",
            "name": "jenkins-instance-20241225073048916900000002",
            "name_prefix": "jenkins-instance-",
            "path": "/",
            "role": "jenkins-instance-20241225073046639400000001",
            "tags": {
              "Environment": "vuongnv",
              "Name": "jenkins",
              "Terraform": "true"
            },
            "tags_all": {
              "Environment": "vuongnv",
              "Name": "jenkins",
              "Terraform": "true"
            },
            "unique_id": "AIPAXCVWAF62PO4YP7GXV"
          },
          "sensitive_attributes": [],
          "private": "bnVsbA==",
          "dependencies": [
            "module.jenkins.module.ec2_jenkins.aws_iam_role.this",
            "module.jenkins.module.ec2_jenkins.data.aws_iam_policy_document.assume_role_policy"
          ],
          "create_before_destroy": true
        }
      ]
    },
    {
      "module": "module.jenkins.module.ec2_jenkins",
      "mode": "managed",
      "type": "aws_iam_role",
      "name": "this",
      "provider": "module.jenkins.provider[\"registry.terraform.io/hashicorp/aws\"]",
      "instances": [
        {
          "index_key": 0,
          "schema_version": 0,
          "attributes": {
            "arn": "arn:aws:iam::486786740148:role/jenkins-instance-20241225073046639400000001",
            "assume_role_policy": "{\"Statement\":[{\"Action\":\"sts:AssumeRole\",\"Effect\":\"Allow\",\"Principal\":{\"Service\":\"ec2.amazonaws.com\"},\"Sid\":\"EC2AssumeRole\"}],\"Version\":\"2012-10-17\"}",
            "create_date": "2024-12-25T07:30:47Z",
            "description": "IAM role for EC2 instance Jenkins",
            "force_detach_policies": true,
            "id": "jenkins-instance-20241225073046639400000001",
            "inline_policy": [],
            "managed_policy_arns": [],
            "max_session_duration": 3600,
            "name": "jenkins-instance-20241225073046639400000001",
            "name_prefix": "jenkins-instance-",
            "path": "/",
            "permissions_boundary": "",
            "tags": {
              "Environment": "vuongnv",
              "Name": "jenkins",
              "Terraform": "true"
            },
            "tags_all": {
              "Environment": "vuongnv",
              "Name": "jenkins",
              "Terraform": "true"
            },
            "unique_id": "AROAXCVWAF62HSWA6WY4F"
          },
          "sensitive_attributes": [],
          "private": "bnVsbA==",
          "dependencies": [
            "module.jenkins.module.ec2_jenkins.data.aws_iam_policy_document.assume_role_policy"
          ],
          "create_before_destroy": true
        }
      ]
    },
    {
      "module": "module.jenkins.module.ec2_jenkins",
      "mode": "managed",
      "type": "aws_iam_role_policy_attachment",
      "name": "this",
      "provider": "module.jenkins.provider[\"registry.terraform.io/hashicorp/aws\"]",
      "instances": [
        {
          "index_key": "AmazonEC2ContainerRegistryFullAccess",
          "schema_version": 0,
          "attributes": {
            "id": "jenkins-instance-20241225073046639400000001-20241225073049321500000003",
            "policy_arn": "arn:aws:iam::aws:policy/AmazonEC2ContainerRegistryFullAccess",
            "role": "jenkins-instance-20241225073046639400000001"
          },
          "sensitive_attributes": [],
          "private": "bnVsbA==",
          "dependencies": [
            "module.jenkins.module.ec2_jenkins.aws_iam_role.this",
            "module.jenkins.module.ec2_jenkins.data.aws_iam_policy_document.assume_role_policy"
          ]
        },
        {
          "index_key": "AmazonSSMManagedInstanceCore",
          "schema_version": 0,
          "attributes": {
            "id": "jenkins-instance-20241225073046639400000001-20241225073049719600000004",
            "policy_arn": "arn:aws:iam::aws:policy/AmazonSSMManagedInstanceCore",
            "role": "jenkins-instance-20241225073046639400000001"
          },
          "sensitive_attributes": [],
          "private": "bnVsbA==",
          "dependencies": [
            "module.jenkins.module.ec2_jenkins.aws_iam_role.this",
            "module.jenkins.module.ec2_jenkins.data.aws_iam_policy_document.assume_role_policy"
          ]
        }
      ]
    },
    {
      "module": "module.jenkins.module.ec2_jenkins",
      "mode": "managed",
      "type": "aws_spot_instance_request",
      "name": "this",
      "provider": "module.jenkins.provider[\"registry.terraform.io/hashicorp/aws\"]",
      "instances": [
        {
          "index_key": 0,
          "schema_version": 0,
          "attributes": {
            "ami": "ami-0f450c0ffd814b623",
            "arn": null,
            "associate_public_ip_address": true,
            "availability_zone": null,
            "block_duration_minutes": 0,
            "capacity_reservation_specification": null,
            "cpu_core_count": null,
            "cpu_options": null,
            "cpu_threads_per_core": null,
            "credit_specification": [
              {
                "cpu_credits": null
              }
            ],
            "disable_api_stop": null,
            "disable_api_termination": null,
            "ebs_block_device": [],
            "ebs_optimized": null,
            "enable_primary_ipv6": null,
            "enclave_options": [
              {
                "enabled": false
              }
            ],
            "ephemeral_block_device": [],
            "get_password_data": false,
            "hibernation": null,
            "host_id": null,
            "host_resource_group_arn": null,
            "iam_instance_profile": "jenkins-instance-20241225073048916900000002",
            "id": "sir-yjb711ph",
            "instance_initiated_shutdown_behavior": null,
            "instance_interruption_behavior": "terminate",
            "instance_state": null,
            "instance_type": "t3.medium",
            "ipv6_address_count": null,
            "ipv6_addresses": null,
            "key_name": "",
            "launch_group": "",
            "launch_template": [],
            "maintenance_options": null,
            "metadata_options": [
              {
                "http_endpoint": "enabled",
                "http_protocol_ipv6": "disabled",
                "http_put_response_hop_limit": 1,
                "http_tokens": "optional",
                "instance_metadata_tags": ""
              }
            ],
            "monitoring": true,
            "network_interface": [],
            "outpost_arn": null,
            "password_data": null,
            "placement_group": null,
            "placement_partition_number": null,
            "primary_network_interface_id": null,
            "private_dns": null,
            "private_dns_name_options": null,
            "private_ip": null,
            "public_dns": null,
            "public_ip": null,
            "root_block_device": null,
            "secondary_private_ips": [],
            "security_groups": [],
            "source_dest_check": true,
            "spot_bid_status": "pending-fulfillment",
            "spot_instance_id": null,
            "spot_price": "0.600000",
            "spot_request_state": "open",
            "spot_type": "persistent",
            "subnet_id": "subnet-0da1156362e4ed586",
            "tags": {
              "Environment": "vuongnv",
              "Name": "jenkins",
              "Terraform": "true"
            },
            "tags_all": {
              "Environment": "vuongnv",
              "Name": "jenkins",
              "Terraform": "true"
            },
            "tenancy": null,
            "timeouts": {
              "create": null,
              "delete": null,
              "read": null
            },
            "user_data": null,
            "user_data_base64": "IyEvYmluL2Jhc2gKZWNobyAiQ29weWluZyB0aGUgU1NIIEtleSBPZiBKZW5raW5zIHRvIHRoZSBzZXJ2ZXIiCmVjaG8gLWUgInNzaC1yc2EgQUFBQUIzTnphQzF5YzJFQUFBQURBUUFCQUFBQmdRRElUMHpvTHN1azBka0Z1NGxDSTRxeWNCVHVRUE10RE8zZC85R0hHNDkxbURkbUdJM3ZrUlFwbFVyZ1F1Ynpjc3hUbVF6Y24rdHBISWhIcXdNNit0OGF6Q0E2S1dyV3JvaElqUWhNWURpRTlzbksrcWRTTndxeFg1TzZreXFTQUZzUVBTcWUyMHJ1VHJSeW5JQ2JwVTljNXZqLzdIdXVJRFFSUGUvMXhKYUJRK3UxTTBYNDhtU1p2WS9HQWlBWUovMmVOYzlVZm9jVDdLckVGUGhiQjdlVmJTZEVRSElCdURxeVBuQjUxdTlhM05jb3VvZm10SWw1eHB3S3RLQkZYWW1oY080RUNVSE9kNHhRQnVoM2ZBYVZTU3RXRHlYNXhqUGdrR0xDSTY2RFhYdW9pN2h3NDF0d01XNUQ1Z0JPUy9UUEltc3RZM2t0UHBDVy9wNjRHd003VnBuYnlwdkp6Unp6eGN3NGRsZUlVR01RRkJBcWJNb21XL1dkaVRlUmhqTk1GUFc2dzlpUHd5Tzd0WmpuaHpGeG5RNWUxY05SV05kZDBNYTFERlZudm9ON1RNd3I3c3cwcUlkQ2JPY1hhOHZTamtWbGdkU2FkTkFyaGNXdUxlL3BzR1VQbiszQVNTdGZ3TlE1R2QvWWtWQ1hqVlk0SEhmSHZyNER6Q2NRNHdrPSB2dW9uZ25ndXllbnZhbkBWTk5PVDAxNDY2LmxvY2FsIiA+PiAvaG9tZS91YnVudHUvLnNzaC9hdXRob3JpemVkX2tleXMKIyMgaW5zdGFsbCBqYXZhIDE3CmFwdCB1cGRhdGUgJiYgYXB0IGluc3RhbGwgY3VybCB3Z2V0IG9wZW5qZGstMTctanJlIG9wZW5qZGstMTctamRrIC15CiMjICBpbnN0YWxsIGplbmtpbgpjdXJsIC1mc1NMIGh0dHBzOi8vcGtnLmplbmtpbnMuaW8vZGViaWFuLXN0YWJsZS9qZW5raW5zLmlvLTIwMjMua2V5IHwgdGVlIC91c3Ivc2hhcmUva2V5cmluZ3MvamVua2lucy1rZXlyaW5nLmFzYyA+IC9kZXYvbnVsbAplY2hvIGRlYiBbc2lnbmVkLWJ5PS91c3Ivc2hhcmUva2V5cmluZ3MvamVua2lucy1rZXlyaW5nLmFzY10gaHR0cHM6Ly9wa2cuamVua2lucy5pby9kZWJpYW4tc3RhYmxlIGJpbmFyeS8gfCAgdGVlIC9ldGMvYXB0L3NvdXJjZXMubGlzdC5kL2plbmtpbnMubGlzdCA+IC9kZXYvbnVsbAphcHQtZ2V0IHVwZGF0ZSAmJiBhcHQtZ2V0IGluc3RhbGwgamVua2lucyAteQpzeXN0ZW1jdGwgZW5hYmxlIGplbmtpbnMgJiYgc3lzdGVtY3RsIHN0YXJ0IGplbmtpbnMKIyMgaW5zdGFsbCBkb2NrZXIKIyBBZGQgRG9ja2VyJ3Mgb2ZmaWNpYWwgR1BHIGtleToKYXB0LWdldCB1cGRhdGUKYXB0LWdldCBpbnN0YWxsIGNhLWNlcnRpZmljYXRlcyBjdXJsIGdudXBnCmluc3RhbGwgLW0gMDc1NSAtZCAvZXRjL2FwdC9rZXlyaW5ncwpjdXJsIC1mc1NMIGh0dHBzOi8vZG93bmxvYWQuZG9ja2VyLmNvbS9saW51eC91YnVudHUvZ3BnIHwgIGdwZyAtLWRlYXJtb3IgLW8gL2V0Yy9hcHQva2V5cmluZ3MvZG9ja2VyLmdwZwpjaG1vZCBhK3IgL2V0Yy9hcHQva2V5cmluZ3MvZG9ja2VyLmdwZwoKIyBBZGQgdGhlIHJlcG9zaXRvcnkgdG8gQXB0IHNvdXJjZXM6CmVjaG8gXAogICJkZWIgW2FyY2g9IiQoZHBrZyAtLXByaW50LWFyY2hpdGVjdHVyZSkiIHNpZ25lZC1ieT0vZXRjL2FwdC9rZXlyaW5ncy9kb2NrZXIuZ3BnXSBodHRwczovL2Rvd25sb2FkLmRvY2tlci5jb20vbGludXgvdWJ1bnR1IFwKICAiJCguIC9ldGMvb3MtcmVsZWFzZSAmJiBlY2hvICIkVkVSU0lPTl9DT0RFTkFNRSIpIiBzdGFibGUiIHwgXAogIHRlZSAvZXRjL2FwdC9zb3VyY2VzLmxpc3QuZC9kb2NrZXIubGlzdCA+IC9kZXYvbnVsbAphcHQtZ2V0IHVwZGF0ZQphcHQtZ2V0IGluc3RhbGwgZG9ja2VyLWNlIGRvY2tlci1jZS1jbGkgY29udGFpbmVyZC5pbyBkb2NrZXItYnVpbGR4LXBsdWdpbiBkb2NrZXItY29tcG9zZS1wbHVnaW4gLXkKc3lzdGVtY3RsIGVuYWJsZSBkb2NrZXIgJiYgc3lzdGVtY3RsIHN0YXJ0IGRvY2tlcgojIEFkZCBKZW5raW5zIHVzZXIgaW50byBkb2NrZXIgZ3JvdXAKdXNlcm1vZCAtYUcgZG9ja2VyIGplbmtpbnMKCiMjIGluc3RhbGwga3ViZWN0bApjdXJsIC1MTyAiaHR0cHM6Ly9kbC5rOHMuaW8vcmVsZWFzZS8kKGN1cmwgLUwgLXMgaHR0cHM6Ly9kbC5rOHMuaW8vcmVsZWFzZS9zdGFibGUudHh0KS9iaW4vbGludXgvYW1kNjQva3ViZWN0bCIKaW5zdGFsbCAtbyByb290IC1nIHJvb3QgLW0gMDc1NSBrdWJlY3RsIC91c3IvbG9jYWwvYmluL2t1YmVjdGwKa3ViZWN0bCB2ZXJzaW9uIC0tY2xpZW50CgojIyBpbnN0YWxsIHRyaXZ5CiMgRGViaWFuL1VidW50dQphcHQtZ2V0IGluc3RhbGwgd2dldCBhcHQtdHJhbnNwb3J0LWh0dHBzIGdudXBnIGxzYi1yZWxlYXNlCndnZXQgLXFPIC0gaHR0cHM6Ly9hcXVhc2VjdXJpdHkuZ2l0aHViLmlvL3RyaXZ5LXJlcG8vZGViL3B1YmxpYy5rZXkgfCAgYXB0LWtleSBhZGQgLQplY2hvIGRlYiBodHRwczovL2FxdWFzZWN1cml0eS5naXRodWIuaW8vdHJpdnktcmVwby9kZWIgJChsc2JfcmVsZWFzZSAtc2MpIG1haW4gfCAgdGVlIC1hIC9ldGMvYXB0L3NvdXJjZXMubGlzdC5kL3RyaXZ5Lmxpc3QKYXB0LWdldCB1cGRhdGUKYXB0LWdldCBpbnN0YWxsIHRyaXZ5IC15CiMgUmVmZXI6IGh0dHBzOi8vYXF1YXNlY3VyaXR5LmdpdGh1Yi5pby90cml2eS92MC4yOS4yL2dldHRpbmctc3RhcnRlZC9pbnN0YWxsYXRpb24vCiMgaW5zdGFsbCBhd3MgY2xpCmFwdCBpbnN0YWxsIHVuemlwIC15CmN1cmwgImh0dHBzOi8vYXdzY2xpLmFtYXpvbmF3cy5jb20vYXdzY2xpLWV4ZS1saW51eC14ODZfNjQuemlwIiAtbyAiYXdzY2xpdjIuemlwIgp1bnppcCBhd3NjbGl2Mi56aXAKLi9hd3MvaW5zdGFsbAphd3MgLS12ZXJzaW9uCgoK",
            "user_data_replace_on_change": true,
            "valid_from": "0001-01-01T00:00:00Z",
            "valid_until": "0001-01-01T00:00:00Z",
            "volume_tags": {
              "Name": "jenkins-instance"
            },
            "vpc_security_group_ids": [
              "sg-05731dd9c6267766e"
            ],
            "wait_for_fulfillment": false
          },
          "sensitive_attributes": [],
          "private": "eyJlMmJmYjczMC1lY2FhLTExZTYtOGY4OC0zNDM2M2JjN2M0YzAiOnsiY3JlYXRlIjo2MDAwMDAwMDAwMDAsImRlbGV0ZSI6MTIwMDAwMDAwMDAwMCwicmVhZCI6OTAwMDAwMDAwMDAwfX0=",
          "dependencies": [
            "module.jenkins.aws_security_group.sg_jenkins",
            "module.jenkins.data.aws_ami.ubuntu",
            "module.jenkins.module.ec2_jenkins.aws_iam_instance_profile.this",
            "module.jenkins.module.ec2_jenkins.aws_iam_role.this",
            "module.jenkins.module.ec2_jenkins.data.aws_iam_policy_document.assume_role_policy",
            "module.jenkins.module.ec2_jenkins.data.aws_ssm_parameter.this",
            "module.vpc.data.aws_availability_zones.available",
            "module.vpc.module.vpc.aws_subnet.public",
            "module.vpc.module.vpc.aws_vpc.this",
            "module.vpc.module.vpc.aws_vpc_ipv4_cidr_block_association.this"
          ]
        }
      ]
    },
    {
      "module": "module.vpc",
      "mode": "data",
      "type": "aws_availability_zones",
      "name": "available",
      "provider": "module.vpc.provider[\"registry.terraform.io/hashicorp/aws\"]",
      "instances": [
        {
          "schema_version": 0,
          "attributes": {
            "all_availability_zones": null,
            "exclude_names": null,
            "exclude_zone_ids": null,
            "filter": null,
            "group_names": [
              "ap-southeast-1"
            ],
            "id": "ap-southeast-1",
            "names": [
              "ap-southeast-1a",
              "ap-southeast-1b",
              "ap-southeast-1c"
            ],
            "state": null,
            "timeouts": null,
            "zone_ids": [
              "apse1-az1",
              "apse1-az2",
              "apse1-az3"
            ]
          },
          "sensitive_attributes": []
        }
      ]
    },
    {
      "module": "module.vpc.module.vpc",
      "mode": "managed",
      "type": "aws_default_network_acl",
      "name": "this",
      "provider": "module.vpc.provider[\"registry.terraform.io/hashicorp/aws\"]",
      "instances": [
        {
          "index_key": 0,
          "schema_version": 0,
          "attributes": {
            "arn": "arn:aws:ec2:ap-southeast-1:486786740148:network-acl/acl-04f51829fb09bf376",
            "default_network_acl_id": "acl-04f51829fb09bf376",
            "egress": [
              {
                "action": "allow",
                "cidr_block": "",
                "from_port": 0,
                "icmp_code": null,
                "icmp_type": null,
                "ipv6_cidr_block": "::/0",
                "protocol": "-1",
                "rule_no": 101,
                "to_port": 0
              },
              {
                "action": "allow",
                "cidr_block": "0.0.0.0/0",
                "from_port": 0,
                "icmp_code": null,
                "icmp_type": null,
                "ipv6_cidr_block": "",
                "protocol": "-1",
                "rule_no": 100,
                "to_port": 0
              }
            ],
            "id": "acl-04f51829fb09bf376",
            "ingress": [
              {
                "action": "allow",
                "cidr_block": "",
                "from_port": 0,
                "icmp_code": null,
                "icmp_type": null,
                "ipv6_cidr_block": "::/0",
                "protocol": "-1",
                "rule_no": 101,
                "to_port": 0
              },
              {
                "action": "allow",
                "cidr_block": "0.0.0.0/0",
                "from_port": 0,
                "icmp_code": null,
                "icmp_type": null,
                "ipv6_cidr_block": "",
                "protocol": "-1",
                "rule_no": 100,
                "to_port": 0
              }
            ],
            "owner_id": "486786740148",
            "subnet_ids": [
              "subnet-012fc568122db3082",
              "subnet-0c22ca44f1d68ac6d",
              "subnet-0da1156362e4ed586"
            ],
            "tags": {
              "Name": "sd4776-dev-vpc-default"
            },
            "tags_all": {
              "Name": "sd4776-dev-vpc-default"
            },
            "vpc_id": "vpc-02c1c1ffa7b943370"
          },
          "sensitive_attributes": [],
          "private": "bnVsbA==",
          "dependencies": [
            "module.vpc.module.vpc.aws_vpc.this"
          ]
        }
      ]
    },
    {
      "module": "module.vpc.module.vpc",
      "mode": "managed",
      "type": "aws_default_route_table",
      "name": "default",
      "provider": "module.vpc.provider[\"registry.terraform.io/hashicorp/aws\"]",
      "instances": [
        {
          "index_key": 0,
          "schema_version": 0,
          "attributes": {
            "arn": "arn:aws:ec2:ap-southeast-1:486786740148:route-table/rtb-08ba50baaca0546bc",
            "default_route_table_id": "rtb-08ba50baaca0546bc",
            "id": "rtb-08ba50baaca0546bc",
            "owner_id": "486786740148",
            "propagating_vgws": null,
            "route": [],
            "tags": {
              "Name": "sd4776-dev-vpc-default"
            },
            "tags_all": {
              "Name": "sd4776-dev-vpc-default"
            },
            "timeouts": {
              "create": "5m",
              "update": "5m"
            },
            "vpc_id": "vpc-02c1c1ffa7b943370"
          },
          "sensitive_attributes": [],
          "private": "eyJlMmJmYjczMC1lY2FhLTExZTYtOGY4OC0zNDM2M2JjN2M0YzAiOnsiY3JlYXRlIjozMDAwMDAwMDAwMDAsInVwZGF0ZSI6MzAwMDAwMDAwMDAwfX0=",
          "dependencies": [
            "module.vpc.module.vpc.aws_vpc.this"
          ]
        }
      ]
    },
    {
      "module": "module.vpc.module.vpc",
      "mode": "managed",
      "type": "aws_default_security_group",
      "name": "this",
      "provider": "module.vpc.provider[\"registry.terraform.io/hashicorp/aws\"]",
      "instances": [
        {
          "index_key": 0,
          "schema_version": 1,
          "attributes": {
            "arn": "arn:aws:ec2:ap-southeast-1:486786740148:security-group/sg-037e9dea07d248298",
            "description": "default VPC security group",
            "egress": [],
            "id": "sg-037e9dea07d248298",
            "ingress": [],
            "name": "default",
            "name_prefix": "",
            "owner_id": "486786740148",
            "revoke_rules_on_delete": false,
            "tags": {
              "Name": "sd4776-dev-vpc-default"
            },
            "tags_all": {
              "Name": "sd4776-dev-vpc-default"
            },
            "vpc_id": "vpc-02c1c1ffa7b943370"
          },
          "sensitive_attributes": [],
          "private": "eyJzY2hlbWFfdmVyc2lvbiI6IjEifQ==",
          "dependencies": [
            "module.vpc.module.vpc.aws_vpc.this"
          ]
        }
      ]
    },
    {
      "module": "module.vpc.module.vpc",
      "mode": "managed",
      "type": "aws_eip",
      "name": "nat",
      "provider": "module.vpc.provider[\"registry.terraform.io/hashicorp/aws\"]",
      "instances": [
        {
          "index_key": 0,
          "schema_version": 0,
          "attributes": {
            "address": null,
            "allocation_id": "eipalloc-095ecf94fbab8e586",
            "arn": "arn:aws:ec2:ap-southeast-1:486786740148:elastic-ip/eipalloc-095ecf94fbab8e586",
            "associate_with_private_ip": null,
            "association_id": "",
            "carrier_ip": "",
            "customer_owned_ip": "",
            "customer_owned_ipv4_pool": "",
            "domain": "vpc",
            "id": "eipalloc-095ecf94fbab8e586",
            "instance": "",
            "ipam_pool_id": null,
            "network_border_group": "ap-southeast-1",
            "network_interface": "",
            "private_dns": null,
            "private_ip": "",
            "ptr_record": "",
            "public_dns": "ec2-13-228-51-31.ap-southeast-1.compute.amazonaws.com",
            "public_ip": "13.228.51.31",
            "public_ipv4_pool": "amazon",
            "tags": {
              "Name": "sd4776-dev-vpc-ap-southeast-1a"
            },
            "tags_all": {
              "Name": "sd4776-dev-vpc-ap-southeast-1a"
            },
            "timeouts": null,
            "vpc": true
          },
          "sensitive_attributes": [],
          "private": "eyJlMmJmYjczMC1lY2FhLTExZTYtOGY4OC0zNDM2M2JjN2M0YzAiOnsiZGVsZXRlIjoxODAwMDAwMDAwMDAsInJlYWQiOjkwMDAwMDAwMDAwMCwidXBkYXRlIjozMDAwMDAwMDAwMDB9fQ==",
          "dependencies": [
            "module.vpc.data.aws_availability_zones.available",
            "module.vpc.module.vpc.aws_internet_gateway.this",
            "module.vpc.module.vpc.aws_vpc.this",
            "module.vpc.module.vpc.aws_vpc_ipv4_cidr_block_association.this"
          ]
        }
      ]
    },
    {
      "module": "module.vpc.module.vpc",
      "mode": "managed",
      "type": "aws_internet_gateway",
      "name": "this",
      "provider": "module.vpc.provider[\"registry.terraform.io/hashicorp/aws\"]",
      "instances": [
        {
          "index_key": 0,
          "schema_version": 0,
          "attributes": {
            "arn": "arn:aws:ec2:ap-southeast-1:486786740148:internet-gateway/igw-0238ba4859856f045",
            "id": "igw-0238ba4859856f045",
            "owner_id": "486786740148",
            "tags": {
              "Name": "sd4776-dev-vpc"
            },
            "tags_all": {
              "Name": "sd4776-dev-vpc"
            },
            "timeouts": null,
            "vpc_id": "vpc-02c1c1ffa7b943370"
          },
          "sensitive_attributes": [],
          "private": "eyJlMmJmYjczMC1lY2FhLTExZTYtOGY4OC0zNDM2M2JjN2M0YzAiOnsiY3JlYXRlIjoxMjAwMDAwMDAwMDAwLCJkZWxldGUiOjEyMDAwMDAwMDAwMDAsInVwZGF0ZSI6MTIwMDAwMDAwMDAwMH19",
          "dependencies": [
            "module.vpc.data.aws_availability_zones.available",
            "module.vpc.module.vpc.aws_vpc.this",
            "module.vpc.module.vpc.aws_vpc_ipv4_cidr_block_association.this"
          ]
        }
      ]
    },
    {
      "module": "module.vpc.module.vpc",
      "mode": "managed",
      "type": "aws_nat_gateway",
      "name": "this",
      "provider": "module.vpc.provider[\"registry.terraform.io/hashicorp/aws\"]",
      "instances": [
        {
          "index_key": 0,
          "schema_version": 0,
          "attributes": {
            "allocation_id": "eipalloc-095ecf94fbab8e586",
            "association_id": "eipassoc-0bfa133b3a092830f",
            "connectivity_type": "public",
            "id": "nat-07513649bb5299c8e",
            "network_interface_id": "eni-0b969681bc8077960",
            "private_ip": "192.168.48.139",
            "public_ip": "13.228.51.31",
            "secondary_allocation_ids": null,
            "secondary_private_ip_address_count": 0,
            "secondary_private_ip_addresses": [],
            "subnet_id": "subnet-0da1156362e4ed586",
            "tags": {
              "Name": "sd4776-dev-vpc-ap-southeast-1a"
            },
            "tags_all": {
              "Name": "sd4776-dev-vpc-ap-southeast-1a"
            },
            "timeouts": null
          },
          "sensitive_attributes": [],
          "private": "eyJlMmJmYjczMC1lY2FhLTExZTYtOGY4OC0zNDM2M2JjN2M0YzAiOnsiY3JlYXRlIjo2MDAwMDAwMDAwMDAsImRlbGV0ZSI6MTgwMDAwMDAwMDAwMCwidXBkYXRlIjo2MDAwMDAwMDAwMDB9fQ==",
          "dependencies": [
            "module.vpc.data.aws_availability_zones.available",
            "module.vpc.module.vpc.aws_eip.nat",
            "module.vpc.module.vpc.aws_internet_gateway.this",
            "module.vpc.module.vpc.aws_subnet.public",
            "module.vpc.module.vpc.aws_vpc.this",
            "module.vpc.module.vpc.aws_vpc_ipv4_cidr_block_association.this"
          ]
        }
      ]
    },
    {
      "module": "module.vpc.module.vpc",
      "mode": "managed",
      "type": "aws_route",
      "name": "private_nat_gateway",
      "provider": "module.vpc.provider[\"registry.terraform.io/hashicorp/aws\"]",
      "instances": [
        {
          "index_key": 0,
          "schema_version": 0,
          "attributes": {
            "carrier_gateway_id": "",
            "core_network_arn": "",
            "destination_cidr_block": "0.0.0.0/0",
            "destination_ipv6_cidr_block": "",
            "destination_prefix_list_id": "",
            "egress_only_gateway_id": "",
            "gateway_id": "",
            "id": "r-rtb-067c950cc3c6f39471080289494",
            "instance_id": "",
            "instance_owner_id": "",
            "local_gateway_id": "",
            "nat_gateway_id": "nat-07513649bb5299c8e",
            "network_interface_id": "",
            "origin": "CreateRoute",
            "route_table_id": "rtb-067c950cc3c6f3947",
            "state": "active",
            "timeouts": {
              "create": "5m",
              "delete": null,
              "update": null
            },
            "transit_gateway_id": "",
            "vpc_endpoint_id": "",
            "vpc_peering_connection_id": ""
          },
          "sensitive_attributes": [],
          "private": "eyJlMmJmYjczMC1lY2FhLTExZTYtOGY4OC0zNDM2M2JjN2M0YzAiOnsiY3JlYXRlIjozMDAwMDAwMDAwMDAsImRlbGV0ZSI6MzAwMDAwMDAwMDAwLCJ1cGRhdGUiOjEyMDAwMDAwMDAwMH19",
          "dependencies": [
            "module.vpc.data.aws_availability_zones.available",
            "module.vpc.module.vpc.aws_eip.nat",
            "module.vpc.module.vpc.aws_internet_gateway.this",
            "module.vpc.module.vpc.aws_nat_gateway.this",
            "module.vpc.module.vpc.aws_route_table.private",
            "module.vpc.module.vpc.aws_subnet.public",
            "module.vpc.module.vpc.aws_vpc.this",
            "module.vpc.module.vpc.aws_vpc_ipv4_cidr_block_association.this"
          ]
        }
      ]
    },
    {
      "module": "module.vpc.module.vpc",
      "mode": "managed",
      "type": "aws_route",
      "name": "public_internet_gateway",
      "provider": "module.vpc.provider[\"registry.terraform.io/hashicorp/aws\"]",
      "instances": [
        {
          "index_key": 0,
          "schema_version": 0,
          "attributes": {
            "carrier_gateway_id": "",
            "core_network_arn": "",
            "destination_cidr_block": "0.0.0.0/0",
            "destination_ipv6_cidr_block": "",
            "destination_prefix_list_id": "",
            "egress_only_gateway_id": "",
            "gateway_id": "igw-0238ba4859856f045",
            "id": "r-rtb-09def1164eff8a7e21080289494",
            "instance_id": "",
            "instance_owner_id": "",
            "local_gateway_id": "",
            "nat_gateway_id": "",
            "network_interface_id": "",
            "origin": "CreateRoute",
            "route_table_id": "rtb-09def1164eff8a7e2",
            "state": "active",
            "timeouts": {
              "create": "5m",
              "delete": null,
              "update": null
            },
            "transit_gateway_id": "",
            "vpc_endpoint_id": "",
            "vpc_peering_connection_id": ""
          },
          "sensitive_attributes": [],
          "private": "eyJlMmJmYjczMC1lY2FhLTExZTYtOGY4OC0zNDM2M2JjN2M0YzAiOnsiY3JlYXRlIjozMDAwMDAwMDAwMDAsImRlbGV0ZSI6MzAwMDAwMDAwMDAwLCJ1cGRhdGUiOjEyMDAwMDAwMDAwMH19",
          "dependencies": [
            "module.vpc.data.aws_availability_zones.available",
            "module.vpc.module.vpc.aws_internet_gateway.this",
            "module.vpc.module.vpc.aws_route_table.public",
            "module.vpc.module.vpc.aws_vpc.this",
            "module.vpc.module.vpc.aws_vpc_ipv4_cidr_block_association.this"
          ]
        }
      ]
    },
    {
      "module": "module.vpc.module.vpc",
      "mode": "managed",
      "type": "aws_route_table",
      "name": "intra",
      "provider": "module.vpc.provider[\"registry.terraform.io/hashicorp/aws\"]",
      "instances": [
        {
          "index_key": 0,
          "schema_version": 0,
          "attributes": {
            "arn": "arn:aws:ec2:ap-southeast-1:486786740148:route-table/rtb-0b0a53dbb8430edb5",
            "id": "rtb-0b0a53dbb8430edb5",
            "owner_id": "486786740148",
            "propagating_vgws": [],
            "route": [],
            "tags": {
              "Name": "sd4776-dev-vpc-intra"
            },
            "tags_all": {
              "Name": "sd4776-dev-vpc-intra"
            },
            "timeouts": null,
            "vpc_id": "vpc-02c1c1ffa7b943370"
          },
          "sensitive_attributes": [],
          "private": "eyJlMmJmYjczMC1lY2FhLTExZTYtOGY4OC0zNDM2M2JjN2M0YzAiOnsiY3JlYXRlIjozMDAwMDAwMDAwMDAsImRlbGV0ZSI6MzAwMDAwMDAwMDAwLCJ1cGRhdGUiOjEyMDAwMDAwMDAwMH19",
          "dependencies": [
            "module.vpc.data.aws_availability_zones.available",
            "module.vpc.module.vpc.aws_vpc.this",
            "module.vpc.module.vpc.aws_vpc_ipv4_cidr_block_association.this"
          ]
        }
      ]
    },
    {
      "module": "module.vpc.module.vpc",
      "mode": "managed",
      "type": "aws_route_table",
      "name": "private",
      "provider": "module.vpc.provider[\"registry.terraform.io/hashicorp/aws\"]",
      "instances": [
        {
          "index_key": 0,
          "schema_version": 0,
          "attributes": {
            "arn": "arn:aws:ec2:ap-southeast-1:486786740148:route-table/rtb-067c950cc3c6f3947",
            "id": "rtb-067c950cc3c6f3947",
            "owner_id": "486786740148",
            "propagating_vgws": [],
            "route": [],
            "tags": {
              "Name": "sd4776-dev-vpc-private"
            },
            "tags_all": {
              "Name": "sd4776-dev-vpc-private"
            },
            "timeouts": null,
            "vpc_id": "vpc-02c1c1ffa7b943370"
          },
          "sensitive_attributes": [],
          "private": "eyJlMmJmYjczMC1lY2FhLTExZTYtOGY4OC0zNDM2M2JjN2M0YzAiOnsiY3JlYXRlIjozMDAwMDAwMDAwMDAsImRlbGV0ZSI6MzAwMDAwMDAwMDAwLCJ1cGRhdGUiOjEyMDAwMDAwMDAwMH19",
          "dependencies": [
            "module.vpc.data.aws_availability_zones.available",
            "module.vpc.module.vpc.aws_vpc.this",
            "module.vpc.module.vpc.aws_vpc_ipv4_cidr_block_association.this"
          ]
        }
      ]
    },
    {
      "module": "module.vpc.module.vpc",
      "mode": "managed",
      "type": "aws_route_table",
      "name": "public",
      "provider": "module.vpc.provider[\"registry.terraform.io/hashicorp/aws\"]",
      "instances": [
        {
          "index_key": 0,
          "schema_version": 0,
          "attributes": {
            "arn": "arn:aws:ec2:ap-southeast-1:486786740148:route-table/rtb-09def1164eff8a7e2",
            "id": "rtb-09def1164eff8a7e2",
            "owner_id": "486786740148",
            "propagating_vgws": [],
            "route": [],
            "tags": {
              "Name": "sd4776-dev-vpc-public"
            },
            "tags_all": {
              "Name": "sd4776-dev-vpc-public"
            },
            "timeouts": null,
            "vpc_id": "vpc-02c1c1ffa7b943370"
          },
          "sensitive_attributes": [],
          "private": "eyJlMmJmYjczMC1lY2FhLTExZTYtOGY4OC0zNDM2M2JjN2M0YzAiOnsiY3JlYXRlIjozMDAwMDAwMDAwMDAsImRlbGV0ZSI6MzAwMDAwMDAwMDAwLCJ1cGRhdGUiOjEyMDAwMDAwMDAwMH19",
          "dependencies": [
            "module.vpc.data.aws_availability_zones.available",
            "module.vpc.module.vpc.aws_vpc.this",
            "module.vpc.module.vpc.aws_vpc_ipv4_cidr_block_association.this"
          ]
        }
      ]
    },
    {
      "module": "module.vpc.module.vpc",
      "mode": "managed",
      "type": "aws_route_table_association",
      "name": "intra",
      "provider": "module.vpc.provider[\"registry.terraform.io/hashicorp/aws\"]",
      "instances": [
        {
          "index_key": 0,
          "schema_version": 0,
          "attributes": {
            "gateway_id": "",
            "id": "rtbassoc-064a2d85e36d7472a",
            "route_table_id": "rtb-0b0a53dbb8430edb5",
            "subnet_id": "subnet-03cfaee8e0819e3f0",
            "timeouts": null
          },
          "sensitive_attributes": [],
          "private": "eyJlMmJmYjczMC1lY2FhLTExZTYtOGY4OC0zNDM2M2JjN2M0YzAiOnsiY3JlYXRlIjozMDAwMDAwMDAwMDAsImRlbGV0ZSI6MzAwMDAwMDAwMDAwLCJ1cGRhdGUiOjEyMDAwMDAwMDAwMH19",
          "dependencies": [
            "module.vpc.data.aws_availability_zones.available",
            "module.vpc.module.vpc.aws_route_table.intra",
            "module.vpc.module.vpc.aws_subnet.intra",
            "module.vpc.module.vpc.aws_vpc.this",
            "module.vpc.module.vpc.aws_vpc_ipv4_cidr_block_association.this"
          ]
        },
        {
          "index_key": 1,
          "schema_version": 0,
          "attributes": {
            "gateway_id": "",
            "id": "rtbassoc-08e24e2c6e558ae62",
            "route_table_id": "rtb-0b0a53dbb8430edb5",
            "subnet_id": "subnet-04baf9f79ec95a6e1",
            "timeouts": null
          },
          "sensitive_attributes": [],
          "private": "eyJlMmJmYjczMC1lY2FhLTExZTYtOGY4OC0zNDM2M2JjN2M0YzAiOnsiY3JlYXRlIjozMDAwMDAwMDAwMDAsImRlbGV0ZSI6MzAwMDAwMDAwMDAwLCJ1cGRhdGUiOjEyMDAwMDAwMDAwMH19",
          "dependencies": [
            "module.vpc.data.aws_availability_zones.available",
            "module.vpc.module.vpc.aws_route_table.intra",
            "module.vpc.module.vpc.aws_subnet.intra",
            "module.vpc.module.vpc.aws_vpc.this",
            "module.vpc.module.vpc.aws_vpc_ipv4_cidr_block_association.this"
          ]
        }
      ]
    },
    {
      "module": "module.vpc.module.vpc",
      "mode": "managed",
      "type": "aws_route_table_association",
      "name": "private",
      "provider": "module.vpc.provider[\"registry.terraform.io/hashicorp/aws\"]",
      "instances": [
        {
          "index_key": 0,
          "schema_version": 0,
          "attributes": {
            "gateway_id": "",
            "id": "rtbassoc-0835037d9278dd8c0",
            "route_table_id": "rtb-067c950cc3c6f3947",
            "subnet_id": "subnet-063b7b627ad96ad0e",
            "timeouts": null
          },
          "sensitive_attributes": [],
          "private": "eyJlMmJmYjczMC1lY2FhLTExZTYtOGY4OC0zNDM2M2JjN2M0YzAiOnsiY3JlYXRlIjozMDAwMDAwMDAwMDAsImRlbGV0ZSI6MzAwMDAwMDAwMDAwLCJ1cGRhdGUiOjEyMDAwMDAwMDAwMH19",
          "dependencies": [
            "module.vpc.data.aws_availability_zones.available",
            "module.vpc.module.vpc.aws_route_table.private",
            "module.vpc.module.vpc.aws_subnet.private",
            "module.vpc.module.vpc.aws_vpc.this",
            "module.vpc.module.vpc.aws_vpc_ipv4_cidr_block_association.this"
          ]
        },
        {
          "index_key": 1,
          "schema_version": 0,
          "attributes": {
            "gateway_id": "",
            "id": "rtbassoc-0785d2be441c97c5b",
            "route_table_id": "rtb-067c950cc3c6f3947",
            "subnet_id": "subnet-0c22ca44f1d68ac6d",
            "timeouts": null
          },
          "sensitive_attributes": [],
          "private": "eyJlMmJmYjczMC1lY2FhLTExZTYtOGY4OC0zNDM2M2JjN2M0YzAiOnsiY3JlYXRlIjozMDAwMDAwMDAwMDAsImRlbGV0ZSI6MzAwMDAwMDAwMDAwLCJ1cGRhdGUiOjEyMDAwMDAwMDAwMH19",
          "dependencies": [
            "module.vpc.data.aws_availability_zones.available",
            "module.vpc.module.vpc.aws_route_table.private",
            "module.vpc.module.vpc.aws_subnet.private",
            "module.vpc.module.vpc.aws_vpc.this",
            "module.vpc.module.vpc.aws_vpc_ipv4_cidr_block_association.this"
          ]
        }
      ]
    },
    {
      "module": "module.vpc.module.vpc",
      "mode": "managed",
      "type": "aws_route_table_association",
      "name": "public",
      "provider": "module.vpc.provider[\"registry.terraform.io/hashicorp/aws\"]",
      "instances": [
        {
          "index_key": 0,
          "schema_version": 0,
          "attributes": {
            "gateway_id": "",
            "id": "rtbassoc-0c904fc0e46d00c08",
            "route_table_id": "rtb-09def1164eff8a7e2",
            "subnet_id": "subnet-0da1156362e4ed586",
            "timeouts": null
          },
          "sensitive_attributes": [],
          "private": "eyJlMmJmYjczMC1lY2FhLTExZTYtOGY4OC0zNDM2M2JjN2M0YzAiOnsiY3JlYXRlIjozMDAwMDAwMDAwMDAsImRlbGV0ZSI6MzAwMDAwMDAwMDAwLCJ1cGRhdGUiOjEyMDAwMDAwMDAwMH19",
          "dependencies": [
            "module.vpc.data.aws_availability_zones.available",
            "module.vpc.module.vpc.aws_route_table.public",
            "module.vpc.module.vpc.aws_subnet.public",
            "module.vpc.module.vpc.aws_vpc.this",
            "module.vpc.module.vpc.aws_vpc_ipv4_cidr_block_association.this"
          ]
        },
        {
          "index_key": 1,
          "schema_version": 0,
          "attributes": {
            "gateway_id": "",
            "id": "rtbassoc-068d4f1f5be5ffd6a",
            "route_table_id": "rtb-09def1164eff8a7e2",
            "subnet_id": "subnet-012fc568122db3082",
            "timeouts": null
          },
          "sensitive_attributes": [],
          "private": "eyJlMmJmYjczMC1lY2FhLTExZTYtOGY4OC0zNDM2M2JjN2M0YzAiOnsiY3JlYXRlIjozMDAwMDAwMDAwMDAsImRlbGV0ZSI6MzAwMDAwMDAwMDAwLCJ1cGRhdGUiOjEyMDAwMDAwMDAwMH19",
          "dependencies": [
            "module.vpc.data.aws_availability_zones.available",
            "module.vpc.module.vpc.aws_route_table.public",
            "module.vpc.module.vpc.aws_subnet.public",
            "module.vpc.module.vpc.aws_vpc.this",
            "module.vpc.module.vpc.aws_vpc_ipv4_cidr_block_association.this"
          ]
        }
      ]
    },
    {
      "module": "module.vpc.module.vpc",
      "mode": "managed",
      "type": "aws_subnet",
      "name": "intra",
      "provider": "module.vpc.provider[\"registry.terraform.io/hashicorp/aws\"]",
      "instances": [
        {
          "index_key": 0,
          "schema_version": 1,
          "attributes": {
            "arn": "arn:aws:ec2:ap-southeast-1:486786740148:subnet/subnet-03cfaee8e0819e3f0",
            "assign_ipv6_address_on_creation": false,
            "availability_zone": "ap-southeast-1a",
            "availability_zone_id": "apse1-az1",
            "cidr_block": "192.168.52.0/24",
            "customer_owned_ipv4_pool": "",
            "enable_dns64": false,
            "enable_lni_at_device_index": 0,
            "enable_resource_name_dns_a_record_on_launch": false,
            "enable_resource_name_dns_aaaa_record_on_launch": false,
            "id": "subnet-03cfaee8e0819e3f0",
            "ipv6_cidr_block": "",
            "ipv6_cidr_block_association_id": "",
            "ipv6_native": false,
            "map_customer_owned_ip_on_launch": false,
            "map_public_ip_on_launch": false,
            "outpost_arn": "",
            "owner_id": "486786740148",
            "private_dns_hostname_type_on_launch": "ip-name",
            "tags": {
              "Name": "sd4776-dev-vpc-intra-ap-southeast-1a"
            },
            "tags_all": {
              "Name": "sd4776-dev-vpc-intra-ap-southeast-1a"
            },
            "timeouts": null,
            "vpc_id": "vpc-02c1c1ffa7b943370"
          },
          "sensitive_attributes": [],
          "private": "eyJlMmJmYjczMC1lY2FhLTExZTYtOGY4OC0zNDM2M2JjN2M0YzAiOnsiY3JlYXRlIjo2MDAwMDAwMDAwMDAsImRlbGV0ZSI6MTIwMDAwMDAwMDAwMH0sInNjaGVtYV92ZXJzaW9uIjoiMSJ9",
          "dependencies": [
            "module.vpc.data.aws_availability_zones.available",
            "module.vpc.module.vpc.aws_vpc.this",
            "module.vpc.module.vpc.aws_vpc_ipv4_cidr_block_association.this"
          ]
        },
        {
          "index_key": 1,
          "schema_version": 1,
          "attributes": {
            "arn": "arn:aws:ec2:ap-southeast-1:486786740148:subnet/subnet-04baf9f79ec95a6e1",
            "assign_ipv6_address_on_creation": false,
            "availability_zone": "ap-southeast-1b",
            "availability_zone_id": "apse1-az2",
            "cidr_block": "192.168.53.0/24",
            "customer_owned_ipv4_pool": "",
            "enable_dns64": false,
            "enable_lni_at_device_index": 0,
            "enable_resource_name_dns_a_record_on_launch": false,
            "enable_resource_name_dns_aaaa_record_on_launch": false,
            "id": "subnet-04baf9f79ec95a6e1",
            "ipv6_cidr_block": "",
            "ipv6_cidr_block_association_id": "",
            "ipv6_native": false,
            "map_customer_owned_ip_on_launch": false,
            "map_public_ip_on_launch": false,
            "outpost_arn": "",
            "owner_id": "486786740148",
            "private_dns_hostname_type_on_launch": "ip-name",
            "tags": {
              "Name": "sd4776-dev-vpc-intra-ap-southeast-1b"
            },
            "tags_all": {
              "Name": "sd4776-dev-vpc-intra-ap-southeast-1b"
            },
            "timeouts": null,
            "vpc_id": "vpc-02c1c1ffa7b943370"
          },
          "sensitive_attributes": [],
          "private": "eyJlMmJmYjczMC1lY2FhLTExZTYtOGY4OC0zNDM2M2JjN2M0YzAiOnsiY3JlYXRlIjo2MDAwMDAwMDAwMDAsImRlbGV0ZSI6MTIwMDAwMDAwMDAwMH0sInNjaGVtYV92ZXJzaW9uIjoiMSJ9",
          "dependencies": [
            "module.vpc.data.aws_availability_zones.available",
            "module.vpc.module.vpc.aws_vpc.this",
            "module.vpc.module.vpc.aws_vpc_ipv4_cidr_block_association.this"
          ]
        }
      ]
    },
    {
      "module": "module.vpc.module.vpc",
      "mode": "managed",
      "type": "aws_subnet",
      "name": "private",
      "provider": "module.vpc.provider[\"registry.terraform.io/hashicorp/aws\"]",
      "instances": [
        {
          "index_key": 0,
          "schema_version": 1,
          "attributes": {
            "arn": "arn:aws:ec2:ap-southeast-1:486786740148:subnet/subnet-063b7b627ad96ad0e",
            "assign_ipv6_address_on_creation": false,
            "availability_zone": "ap-southeast-1a",
            "availability_zone_id": "apse1-az1",
            "cidr_block": "192.168.0.0/20",
            "customer_owned_ipv4_pool": "",
            "enable_dns64": false,
            "enable_lni_at_device_index": 0,
            "enable_resource_name_dns_a_record_on_launch": false,
            "enable_resource_name_dns_aaaa_record_on_launch": false,
            "id": "subnet-063b7b627ad96ad0e",
            "ipv6_cidr_block": "",
            "ipv6_cidr_block_association_id": "",
            "ipv6_native": false,
            "map_customer_owned_ip_on_launch": false,
            "map_public_ip_on_launch": false,
            "outpost_arn": "",
            "owner_id": "486786740148",
            "private_dns_hostname_type_on_launch": "ip-name",
            "tags": {
              "Name": "sd4776-dev-vpc-private-ap-southeast-1a",
              "karpenter.sh/discovery": "eks",
              "kubernetes.io/role/internal-elb": "1"
            },
            "tags_all": {
              "Name": "sd4776-dev-vpc-private-ap-southeast-1a",
              "karpenter.sh/discovery": "eks",
              "kubernetes.io/role/internal-elb": "1"
            },
            "timeouts": null,
            "vpc_id": "vpc-02c1c1ffa7b943370"
          },
          "sensitive_attributes": [],
          "private": "eyJlMmJmYjczMC1lY2FhLTExZTYtOGY4OC0zNDM2M2JjN2M0YzAiOnsiY3JlYXRlIjo2MDAwMDAwMDAwMDAsImRlbGV0ZSI6MTIwMDAwMDAwMDAwMH0sInNjaGVtYV92ZXJzaW9uIjoiMSJ9",
          "dependencies": [
            "module.vpc.data.aws_availability_zones.available",
            "module.vpc.module.vpc.aws_vpc.this",
            "module.vpc.module.vpc.aws_vpc_ipv4_cidr_block_association.this"
          ]
        },
        {
          "index_key": 1,
          "schema_version": 1,
          "attributes": {
            "arn": "arn:aws:ec2:ap-southeast-1:486786740148:subnet/subnet-0c22ca44f1d68ac6d",
            "assign_ipv6_address_on_creation": false,
            "availability_zone": "ap-southeast-1b",
            "availability_zone_id": "apse1-az2",
            "cidr_block": "192.168.16.0/20",
            "customer_owned_ipv4_pool": "",
            "enable_dns64": false,
            "enable_lni_at_device_index": 0,
            "enable_resource_name_dns_a_record_on_launch": false,
            "enable_resource_name_dns_aaaa_record_on_launch": false,
            "id": "subnet-0c22ca44f1d68ac6d",
            "ipv6_cidr_block": "",
            "ipv6_cidr_block_association_id": "",
            "ipv6_native": false,
            "map_customer_owned_ip_on_launch": false,
            "map_public_ip_on_launch": false,
            "outpost_arn": "",
            "owner_id": "486786740148",
            "private_dns_hostname_type_on_launch": "ip-name",
            "tags": {
              "Name": "sd4776-dev-vpc-private-ap-southeast-1b",
              "karpenter.sh/discovery": "eks",
              "kubernetes.io/role/internal-elb": "1"
            },
            "tags_all": {
              "Name": "sd4776-dev-vpc-private-ap-southeast-1b",
              "karpenter.sh/discovery": "eks",
              "kubernetes.io/role/internal-elb": "1"
            },
            "timeouts": null,
            "vpc_id": "vpc-02c1c1ffa7b943370"
          },
          "sensitive_attributes": [],
          "private": "eyJlMmJmYjczMC1lY2FhLTExZTYtOGY4OC0zNDM2M2JjN2M0YzAiOnsiY3JlYXRlIjo2MDAwMDAwMDAwMDAsImRlbGV0ZSI6MTIwMDAwMDAwMDAwMH0sInNjaGVtYV92ZXJzaW9uIjoiMSJ9",
          "dependencies": [
            "module.vpc.data.aws_availability_zones.available",
            "module.vpc.module.vpc.aws_vpc.this",
            "module.vpc.module.vpc.aws_vpc_ipv4_cidr_block_association.this"
          ]
        }
      ]
    },
    {
      "module": "module.vpc.module.vpc",
      "mode": "managed",
      "type": "aws_subnet",
      "name": "public",
      "provider": "module.vpc.provider[\"registry.terraform.io/hashicorp/aws\"]",
      "instances": [
        {
          "index_key": 0,
          "schema_version": 1,
          "attributes": {
            "arn": "arn:aws:ec2:ap-southeast-1:486786740148:subnet/subnet-0da1156362e4ed586",
            "assign_ipv6_address_on_creation": false,
            "availability_zone": "ap-southeast-1a",
            "availability_zone_id": "apse1-az1",
            "cidr_block": "192.168.48.0/24",
            "customer_owned_ipv4_pool": "",
            "enable_dns64": false,
            "enable_lni_at_device_index": 0,
            "enable_resource_name_dns_a_record_on_launch": false,
            "enable_resource_name_dns_aaaa_record_on_launch": false,
            "id": "subnet-0da1156362e4ed586",
            "ipv6_cidr_block": "",
            "ipv6_cidr_block_association_id": "",
            "ipv6_native": false,
            "map_customer_owned_ip_on_launch": false,
            "map_public_ip_on_launch": false,
            "outpost_arn": "",
            "owner_id": "486786740148",
            "private_dns_hostname_type_on_launch": "ip-name",
            "tags": {
              "Name": "sd4776-dev-vpc-public-ap-southeast-1a",
              "kubernetes.io/role/elb": "1"
            },
            "tags_all": {
              "Name": "sd4776-dev-vpc-public-ap-southeast-1a",
              "kubernetes.io/role/elb": "1"
            },
            "timeouts": null,
            "vpc_id": "vpc-02c1c1ffa7b943370"
          },
          "sensitive_attributes": [],
          "private": "eyJlMmJmYjczMC1lY2FhLTExZTYtOGY4OC0zNDM2M2JjN2M0YzAiOnsiY3JlYXRlIjo2MDAwMDAwMDAwMDAsImRlbGV0ZSI6MTIwMDAwMDAwMDAwMH0sInNjaGVtYV92ZXJzaW9uIjoiMSJ9",
          "dependencies": [
            "module.vpc.data.aws_availability_zones.available",
            "module.vpc.module.vpc.aws_vpc.this",
            "module.vpc.module.vpc.aws_vpc_ipv4_cidr_block_association.this"
          ]
        },
        {
          "index_key": 1,
          "schema_version": 1,
          "attributes": {
            "arn": "arn:aws:ec2:ap-southeast-1:486786740148:subnet/subnet-012fc568122db3082",
            "assign_ipv6_address_on_creation": false,
            "availability_zone": "ap-southeast-1b",
            "availability_zone_id": "apse1-az2",
            "cidr_block": "192.168.49.0/24",
            "customer_owned_ipv4_pool": "",
            "enable_dns64": false,
            "enable_lni_at_device_index": 0,
            "enable_resource_name_dns_a_record_on_launch": false,
            "enable_resource_name_dns_aaaa_record_on_launch": false,
            "id": "subnet-012fc568122db3082",
            "ipv6_cidr_block": "",
            "ipv6_cidr_block_association_id": "",
            "ipv6_native": false,
            "map_customer_owned_ip_on_launch": false,
            "map_public_ip_on_launch": false,
            "outpost_arn": "",
            "owner_id": "486786740148",
            "private_dns_hostname_type_on_launch": "ip-name",
            "tags": {
              "Name": "sd4776-dev-vpc-public-ap-southeast-1b",
              "kubernetes.io/role/elb": "1"
            },
            "tags_all": {
              "Name": "sd4776-dev-vpc-public-ap-southeast-1b",
              "kubernetes.io/role/elb": "1"
            },
            "timeouts": null,
            "vpc_id": "vpc-02c1c1ffa7b943370"
          },
          "sensitive_attributes": [],
          "private": "eyJlMmJmYjczMC1lY2FhLTExZTYtOGY4OC0zNDM2M2JjN2M0YzAiOnsiY3JlYXRlIjo2MDAwMDAwMDAwMDAsImRlbGV0ZSI6MTIwMDAwMDAwMDAwMH0sInNjaGVtYV92ZXJzaW9uIjoiMSJ9",
          "dependencies": [
            "module.vpc.data.aws_availability_zones.available",
            "module.vpc.module.vpc.aws_vpc.this",
            "module.vpc.module.vpc.aws_vpc_ipv4_cidr_block_association.this"
          ]
        }
      ]
    },
    {
      "module": "module.vpc.module.vpc",
      "mode": "managed",
      "type": "aws_vpc",
      "name": "this",
      "provider": "module.vpc.provider[\"registry.terraform.io/hashicorp/aws\"]",
      "instances": [
        {
          "index_key": 0,
          "schema_version": 1,
          "attributes": {
            "arn": "arn:aws:ec2:ap-southeast-1:486786740148:vpc/vpc-02c1c1ffa7b943370",
            "assign_generated_ipv6_cidr_block": false,
            "cidr_block": "192.168.0.0/16",
            "default_network_acl_id": "acl-04f51829fb09bf376",
            "default_route_table_id": "rtb-08ba50baaca0546bc",
            "default_security_group_id": "sg-037e9dea07d248298",
            "dhcp_options_id": "dopt-77a44b13",
            "enable_dns_hostnames": true,
            "enable_dns_support": true,
            "enable_network_address_usage_metrics": false,
            "id": "vpc-02c1c1ffa7b943370",
            "instance_tenancy": "default",
            "ipv4_ipam_pool_id": null,
            "ipv4_netmask_length": null,
            "ipv6_association_id": "",
            "ipv6_cidr_block": "",
            "ipv6_cidr_block_network_border_group": "",
            "ipv6_ipam_pool_id": "",
            "ipv6_netmask_length": 0,
            "main_route_table_id": "rtb-08ba50baaca0546bc",
            "owner_id": "486786740148",
            "tags": {
              "Name": "sd4776-dev-vpc"
            },
            "tags_all": {
              "Name": "sd4776-dev-vpc"
            }
          },
          "sensitive_attributes": [],
          "private": "eyJzY2hlbWFfdmVyc2lvbiI6IjEifQ=="
        }
      ]
    },
    {
      "module": "module.vpc.module.vpc",
      "mode": "managed",
      "type": "aws_vpc_ipv4_cidr_block_association",
      "name": "this",
      "provider": "module.vpc.provider[\"registry.terraform.io/hashicorp/aws\"]",
      "instances": []
    }
  ],
  "check_results": null
}
